PODS:
  - SwiftyJSON (3.1.4)
  - XLPagerTabStrip (7.0.0)

DEPENDENCIES:
  - SwiftyJSON
  - XLPagerTabStrip (~> 7.0)

SPEC CHECKSUMS:
  SwiftyJSON: c2842d878f95482ffceec5709abc3d05680c0220
  XLPagerTabStrip: 9be80a66c6b7d60306b2c0a6004965016d68f813

PODFILE CHECKSUM: 20f292587300917bebd53f90f2f0aeae8065a5f4

COCOAPODS: 1.1.1
